
Microsoft Visual Studio Solution File, Format Version 12.00
# Visual Studio Version 16
VisualStudioVersion = 16.0.30621.155
MinimumVisualStudioVersion = 10.0.40219.1
Project("{FAE04EC0-301F-11D3-BF4B-00C04F79EFBC}") = "SingletonEksempel", "SingletonEksempel\SingletonEksempel.csproj", "{387B9219-E8D0-4817-9B01-7EADFB4DA048}"
EndProject
Global
	GlobalSection(SolutionConfigurationPlatforms) = preSolution
		Debug|Any CPU = Debug|Any CPU
		Release|Any CPU = Release|Any CPU
	EndGlobalSection
	GlobalSection(ProjectConfigurationPlatforms) = postSolution
		{387B9219-E8D0-4817-9B01-7EADFB4DA048}.Debug|Any CPU.ActiveCfg = Debug|Any CPU
		{387B9219-E8D0-4817-9B01-7EADFB4DA048}.Debug|Any CPU.Build.0 = Debug|Any CPU
		{387B9219-E8D0-4817-9B01-7EADFB4DA048}.Release|Any CPU.ActiveCfg = Release|Any CPU
		{387B9219-E8D0-4817-9B01-7EADFB4DA048}.Release|Any CPU.Build.0 = Release|Any CPU
	EndGlobalSection
	GlobalSection(SolutionProperties) = preSolution
		HideSolutionNode = FALSE
	EndGlobalSection
	GlobalSection(ExtensibilityGlobals) = postSolution
		SolutionGuid = {153A4CD6-FB53-4E49-99DD-FE594C57EF28}
	EndGlobalSection
EndGlobal
